
Microsoft Visual Studio Solution File, Format Version 12.00
# Visual Studio Version 16
VisualStudioVersion = 16.0.28809.33
MinimumVisualStudioVersion = 10.0.40219.1
Project("{FAE04EC0-301F-11D3-BF4B-00C04F79EFBC}") = "NeuraCore", "NeuraCore\NeuraCore.csproj", "{F6896E59-38C1-448C-A3A4-A35FC984151E}"
EndProject
Global
	GlobalSection(SolutionConfigurationPlatforms) = preSolution
		Debug|Any CPU = Debug|Any CPU
		Release|Any CPU = Release|Any CPU
	EndGlobalSection
	GlobalSection(ProjectConfigurationPlatforms) = postSolution
		{F6896E59-38C1-448C-A3A4-A35FC984151E}.Debug|Any CPU.ActiveCfg = Debug|Any CPU
		{F6896E59-38C1-448C-A3A4-A35FC984151E}.Debug|Any CPU.Build.0 = Debug|Any CPU
		{F6896E59-38C1-448C-A3A4-A35FC984151E}.Release|Any CPU.ActiveCfg = Release|Any CPU
		{F6896E59-38C1-448C-A3A4-A35FC984151E}.Release|Any CPU.Build.0 = Release|Any CPU
	EndGlobalSection
	GlobalSection(SolutionProperties) = preSolution
		HideSolutionNode = FALSE
	EndGlobalSection
	GlobalSection(ExtensibilityGlobals) = postSolution
		SolutionGuid = {B73EA4A2-4FD6-4F6F-B636-F63B0B43DB13}
	EndGlobalSection
EndGlobal
